
Microsoft Visual Studio Solution File, Format Version 12.00
# Visual Studio Version 17
VisualStudioVersion = 17.4.33213.308
MinimumVisualStudioVersion = 10.0.40219.1
Project("{9A19103F-16F7-4668-BE54-9A1E7A4F7556}") = "MVCFrituurApplicatie_V3", "MVCFrituurApplicatie_V3\MVCFrituurApplicatie_V3.csproj", "{9C83C056-CA3B-43AF-A68F-935EB934A4EE}"
EndProject
Global
	GlobalSection(SolutionConfigurationPlatforms) = preSolution
		Debug|Any CPU = Debug|Any CPU
		Release|Any CPU = Release|Any CPU
	EndGlobalSection
	GlobalSection(ProjectConfigurationPlatforms) = postSolution
		{9C83C056-CA3B-43AF-A68F-935EB934A4EE}.Debug|Any CPU.ActiveCfg = Debug|Any CPU
		{9C83C056-CA3B-43AF-A68F-935EB934A4EE}.Debug|Any CPU.Build.0 = Debug|Any CPU
		{9C83C056-CA3B-43AF-A68F-935EB934A4EE}.Release|Any CPU.ActiveCfg = Release|Any CPU
		{9C83C056-CA3B-43AF-A68F-935EB934A4EE}.Release|Any CPU.Build.0 = Release|Any CPU
	EndGlobalSection
	GlobalSection(SolutionProperties) = preSolution
		HideSolutionNode = FALSE
	EndGlobalSection
	GlobalSection(ExtensibilityGlobals) = postSolution
		SolutionGuid = {5A2AD8C9-3CB9-4B6E-AFE6-0C4A032FA889}
	EndGlobalSection
EndGlobal
